
Microsoft Visual Studio Solution File, Format Version 12.00
# Visual Studio Version 17
VisualStudioVersion = 17.3.32901.215
MinimumVisualStudioVersion = 10.0.40219.1
Project("{FAE04EC0-301F-11D3-BF4B-00C04F79EFBC}") = "NetworkUtility", "NetworkUtility\NetworkUtility.csproj", "{A34427B2-22CF-4E29-8B50-1D18B7080167}"
EndProject
Project("{FAE04EC0-301F-11D3-BF4B-00C04F79EFBC}") = "NetworkUtility.Tests", "NetworkUtility.Tests\NetworkUtility.Tests.csproj", "{0FA33A5E-EBD4-4370-863E-DFF3B3D35294}"
EndProject
Global
	GlobalSection(SolutionConfigurationPlatforms) = preSolution
		Debug|Any CPU = Debug|Any CPU
		Release|Any CPU = Release|Any CPU
	EndGlobalSection
	GlobalSection(ProjectConfigurationPlatforms) = postSolution
		{A34427B2-22CF-4E29-8B50-1D18B7080167}.Debug|Any CPU.ActiveCfg = Debug|Any CPU
		{A34427B2-22CF-4E29-8B50-1D18B7080167}.Debug|Any CPU.Build.0 = Debug|Any CPU
		{A34427B2-22CF-4E29-8B50-1D18B7080167}.Release|Any CPU.ActiveCfg = Release|Any CPU
		{A34427B2-22CF-4E29-8B50-1D18B7080167}.Release|Any CPU.Build.0 = Release|Any CPU
		{0FA33A5E-EBD4-4370-863E-DFF3B3D35294}.Debug|Any CPU.ActiveCfg = Debug|Any CPU
		{0FA33A5E-EBD4-4370-863E-DFF3B3D35294}.Debug|Any CPU.Build.0 = Debug|Any CPU
		{0FA33A5E-EBD4-4370-863E-DFF3B3D35294}.Release|Any CPU.ActiveCfg = Release|Any CPU
		{0FA33A5E-EBD4-4370-863E-DFF3B3D35294}.Release|Any CPU.Build.0 = Release|Any CPU
	EndGlobalSection
	GlobalSection(SolutionProperties) = preSolution
		HideSolutionNode = FALSE
	EndGlobalSection
	GlobalSection(ExtensibilityGlobals) = postSolution
		SolutionGuid = {B00D5762-6D84-41D1-B788-7AF287021797}
	EndGlobalSection
EndGlobal
